<?xml version="1.0" encoding="utf-8"?>
<Project ToolsVersion="4.0" xmlns="http://schemas.microsoft.com/developer/msbuild/2003">
  <ItemGroup>
    <ClInclude Include="android_native_app_glue.h" />
    <ClInclude Include="read_file.hpp" />
    <ClInclude Include="variable.hpp" />
    <ClInclude Include="basic_math.hpp" />
    <ClInclude Include="kumo.hpp" />
    <ClInclude Include="bz_lines.hpp" />
    <ClInclude Include="calc_nodeline.hpp" />
    <ClInclude Include="draw.hpp" />
    <ClInclude Include="equator.hpp" />
    <ClInclude Include="fermi_patch.hpp" />
    <ClInclude Include="free_patch.hpp" />
    <ClInclude Include="initialize.hpp" />
    <ClInclude Include="menu.hpp" />
    <ClInclude Include="section.hpp" />
  </ItemGroup>
  <ItemGroup>
    <ClCompile Include="android_native_app_glue.c" />
    <ClCompile Include="main.cpp" />
    <ClCompile Include="read_file.cpp" />
    <ClCompile Include="basic_math.cpp" />
    <ClCompile Include="kumo.cpp" />
    <ClCompile Include="bz_lines.cpp" />
    <ClCompile Include="calc_nodeline.cpp" />
    <ClCompile Include="draw.cpp" />
    <ClCompile Include="equator.cpp" />
    <ClCompile Include="fermi_patch.cpp" />
    <ClCompile Include="free_patch.cpp" />
    <ClCompile Include="initialize.cpp" />
    <ClCompile Include="menu.cpp" />
    <ClCompile Include="section.cpp" />
  </ItemGroup>
</Project>